
Microsoft Visual Studio Solution File, Format Version 12.00
# Visual Studio Version 17
VisualStudioVersion = 17.12.35506.116
MinimumVisualStudioVersion = 10.0.40219.1
Project("{FAE04EC0-301F-11D3-BF4B-00C04F79EFBC}") = "FamilyTree", "FamilyTree.csproj", "{3B86E6CC-F1D7-46F0-A508-8FE3BB70E045}"
EndProject
Project("{FAE04EC0-301F-11D3-BF4B-00C04F79EFBC}") = "FamilyTree.BLL", "BLL\FamilyTree.BLL.csproj", "{44FD581C-A030-4B04-9851-43E74D87E349}"
EndProject
Project("{FAE04EC0-301F-11D3-BF4B-00C04F79EFBC}") = "FamilyTree.DAL", "DAL\FamilyTree.DAL.csproj", "{4B822689-ADA6-4587-8F3C-CD06E17D6847}"
EndProject
Project("{FAE04EC0-301F-11D3-BF4B-00C04F79EFBC}") = "FamilyTree.Presentation", "Presentation\FamilyTree.Presentation.csproj", "{162F7EEC-75C4-462B-9639-543B242CF430}"
EndProject
Global
	GlobalSection(SolutionConfigurationPlatforms) = preSolution
		Debug|Any CPU = Debug|Any CPU
		Release|Any CPU = Release|Any CPU
	EndGlobalSection
	GlobalSection(ProjectConfigurationPlatforms) = postSolution
		{3B86E6CC-F1D7-46F0-A508-8FE3BB70E045}.Debug|Any CPU.ActiveCfg = Debug|Any CPU
		{3B86E6CC-F1D7-46F0-A508-8FE3BB70E045}.Debug|Any CPU.Build.0 = Debug|Any CPU
		{3B86E6CC-F1D7-46F0-A508-8FE3BB70E045}.Release|Any CPU.ActiveCfg = Release|Any CPU
		{3B86E6CC-F1D7-46F0-A508-8FE3BB70E045}.Release|Any CPU.Build.0 = Release|Any CPU
		{44FD581C-A030-4B04-9851-43E74D87E349}.Debug|Any CPU.ActiveCfg = Debug|Any CPU
		{44FD581C-A030-4B04-9851-43E74D87E349}.Debug|Any CPU.Build.0 = Debug|Any CPU
		{44FD581C-A030-4B04-9851-43E74D87E349}.Release|Any CPU.ActiveCfg = Release|Any CPU
		{44FD581C-A030-4B04-9851-43E74D87E349}.Release|Any CPU.Build.0 = Release|Any CPU
		{4B822689-ADA6-4587-8F3C-CD06E17D6847}.Debug|Any CPU.ActiveCfg = Debug|Any CPU
		{4B822689-ADA6-4587-8F3C-CD06E17D6847}.Debug|Any CPU.Build.0 = Debug|Any CPU
		{4B822689-ADA6-4587-8F3C-CD06E17D6847}.Release|Any CPU.ActiveCfg = Release|Any CPU
		{4B822689-ADA6-4587-8F3C-CD06E17D6847}.Release|Any CPU.Build.0 = Release|Any CPU
		{162F7EEC-75C4-462B-9639-543B242CF430}.Debug|Any CPU.ActiveCfg = Debug|Any CPU
		{162F7EEC-75C4-462B-9639-543B242CF430}.Debug|Any CPU.Build.0 = Debug|Any CPU
		{162F7EEC-75C4-462B-9639-543B242CF430}.Release|Any CPU.ActiveCfg = Release|Any CPU
		{162F7EEC-75C4-462B-9639-543B242CF430}.Release|Any CPU.Build.0 = Release|Any CPU
	EndGlobalSection
	GlobalSection(SolutionProperties) = preSolution
		HideSolutionNode = FALSE
	EndGlobalSection
EndGlobal
